// !$*UTF8*$!
{
	archiveVersion = 1;
	classes = {
	};
	objectVersion = 46;
	objects = {

/* Begin PBXBuildFile section */
		8836845C1CF55645006F8BE9 /* main.m in Sources */ = {isa = PBXBuildFile; fileRef = 8836845B1CF55645006F8BE9 /* main.m */; };
		8836845F1CF55645006F8BE9 /* AppDelegate.m in Sources */ = {isa = PBXBuildFile; fileRef = 8836845E1CF55645006F8BE9 /* AppDelegate.m */; };
		883684621CF55645006F8BE9 /* ViewController.m in Sources */ = {isa = PBXBuildFile; fileRef = 883684611CF55645006F8BE9 /* ViewController.m */; };
		883684651CF55645006F8BE9 /* Main.storyboard in Resources */ = {isa = PBXBuildFile; fileRef = 883684631CF55645006F8BE9 /* Main.storyboard */; };
		883684671CF55645006F8BE9 /* Assets.xcassets in Resources */ = {isa = PBXBuildFile; fileRef = 883684661CF55645006F8BE9 /* Assets.xcassets */; };
		8836846A1CF55645006F8BE9 /* LaunchScreen.storyboard in Resources */ = {isa = PBXBuildFile; fileRef = 883684681CF55645006F8BE9 /* LaunchScreen.storyboard */; };
		883684751CF55645006F8BE9 /* UIDynamic_PracticeTests.m in Sources */ = {isa = PBXBuildFile; fileRef = 883684741CF55645006F8BE9 /* UIDynamic_PracticeTests.m */; };
		883684801CF55645006F8BE9 /* UIDynamic_PracticeUITests.m in Sources */ = {isa = PBXBuildFile; fileRef = 8836847F1CF55645006F8BE9 /* UIDynamic_PracticeUITests.m */; };
/* End PBXBuildFile section */

/* Begin PBXContainerItemProxy section */
		883684711CF55645006F8BE9 /* PBXContainerItemProxy */ = {
			isa = PBXContainerItemProxy;
			containerPortal = 8836844F1CF55645006F8BE9 /* Project object */;
			proxyType = 1;
			remoteGlobalIDString = 883684561CF55645006F8BE9;
			remoteInfo = "UIDynamic Practice";
		};
		8836847C1CF55645006F8BE9 /* PBXContainerItemProxy */ = {
			isa = PBXContainerItemProxy;
			containerPortal = 8836844F1CF55645006F8BE9 /* Project object */;
			proxyType = 1;
			remoteGlobalIDString = 883684561CF55645006F8BE9;
			remoteInfo = "UIDynamic Practice";
		};
/* End PBXContainerItemProxy section */

/* Begin PBXFileReference section */
		883684571CF55645006F8BE9 /* UIDynamic Practice.app */ = {isa = PBXFileReference; explicitFileType = wrapper.application; includeInIndex = 0; path = "UIDynamic Practice.app"; sourceTree = BUILT_PRODUCTS_DIR; };
		8836845B1CF55645006F8BE9 /* main.m */ = {isa = PBXFileReference; lastKnownFileType = sourcecode.c.objc; path = main.m; sourceTree = "<group>"; };
		8836845D1CF55645006F8BE9 /* AppDelegate.h */ = {isa = PBXFileReference; lastKnownFileType = sourcecode.c.h; path = AppDelegate.h; sourceTree = "<group>"; };
		8836845E1CF55645006F8BE9 /* AppDelegate.m */ = {isa = PBXFileReference; lastKnownFileType = sourcecode.c.objc; path = AppDelegate.m; sourceTree = "<group>"; };
		883684601CF55645006F8BE9 /* ViewController.h */ = {isa = PBXFileReference; lastKnownFileType = sourcecode.c.h; path = ViewController.h; sourceTree = "<group>"; };
		883684611CF55645006F8BE9 /* ViewController.m */ = {isa = PBXFileReference; lastKnownFileType = sourcecode.c.objc; path = ViewController.m; sourceTree = "<group>"; };
		883684641CF55645006F8BE9 /* Base */ = {isa = PBXFileReference; lastKnownFileType = file.storyboard; name = Base; path = Base.lproj/Main.storyboard; sourceTree = "<group>"; };
		883684661CF55645006F8BE9 /* Assets.xcassets */ = {isa = PBXFileReference; lastKnownFileType = folder.assetcatalog; path = Assets.xcassets; sourceTree = "<group>"; };
		883684691CF55645006F8BE9 /* Base */ = {isa = PBXFileReference; lastKnownFileType = file.storyboard; name = Base; path = Base.lproj/LaunchScreen.storyboard; sourceTree = "<group>"; };
		8836846B1CF55645006F8BE9 /* Info.plist */ = {isa = PBXFileReference; lastKnownFileType = text.plist.xml; path = Info.plist; sourceTree = "<group>"; };
		883684701CF55645006F8BE9 /* UIDynamic PracticeTests.xctest */ = {isa = PBXFileReference; explicitFileType = wrapper.cfbundle; includeInIndex = 0; path = "UIDynamic PracticeTests.xctest"; sourceTree = BUILT_PRODUCTS_DIR; };
		883684741CF55645006F8BE9 /* UIDynamic_PracticeTests.m */ = {isa = PBXFileReference; lastKnownFileType = sourcecode.c.objc; path = UIDynamic_PracticeTests.m; sourceTree = "<group>"; };
		883684761CF55645006F8BE9 /* Info.plist */ = {isa = PBXFileReference; lastKnownFileType = text.plist.xml; path = Info.plist; sourceTree = "<group>"; };
		8836847B1CF55645006F8BE9 /* UIDynamic PracticeUITests.xctest */ = {isa = PBXFileReference; explicitFileType = wrapper.cfbundle; includeInIndex = 0; path = "UIDynamic PracticeUITests.xctest"; sourceTree = BUILT_PRODUCTS_DIR; };
		8836847F1CF55645006F8BE9 /* UIDynamic_PracticeUITests.m */ = {isa = PBXFileReference; lastKnownFileType = sourcecode.c.objc; path = UIDynamic_PracticeUITests.m; sourceTree = "<group>"; };
		883684811CF55645006F8BE9 /* Info.plist */ = {isa = PBXFileReference; lastKnownFileType = text.plist.xml; path = Info.plist; sourceTree = "<group>"; };
/* End PBXFileReference section */

/* Begin PBXFrameworksBuildPhase section */
		883684541CF55645006F8BE9 /* Frameworks */ = {
			isa = PBXFrameworksBuildPhase;
			buildActionMask = 2147483647;
			files = (
			);
			runOnlyForDeploymentPostprocessing = 0;
		};
		8836846D1CF55645006F8BE9 /* Frameworks */ = {
			isa = PBXFrameworksBuildPhase;
			buildActionMask = 2147483647;
			files = (
			);
			runOnlyForDeploymentPostprocessing = 0;
		};
		883684781CF55645006F8BE9 /* Frameworks */ = {
			isa = PBXFrameworksBuildPhase;
			buildActionMask = 2147483647;
			files = (
			);
			runOnlyForDeploymentPostprocessing = 0;
		};
/* End PBXFrameworksBuildPhase section */

/* Begin PBXGroup section */
		8836844E1CF55645006F8BE9 = {
			isa = PBXGroup;
			children = (
				883684591CF55645006F8BE9 /* UIDynamic Practice */,
				883684731CF55645006F8BE9 /* UIDynamic PracticeTests */,
				8836847E1CF55645006F8BE9 /* UIDynamic PracticeUITests */,
				883684581CF55645006F8BE9 /* Products */,
			);
			sourceTree = "<group>";
		};
		883684581CF55645006F8BE9 /* Products */ = {
			isa = PBXGroup;
			children = (
				883684571CF55645006F8BE9 /* UIDynamic Practice.app */,
				883684701CF55645006F8BE9 /* UIDynamic PracticeTests.xctest */,
				8836847B1CF55645006F8BE9 /* UIDynamic PracticeUITests.xctest */,
			);
			name = Products;
			sourceTree = "<group>";
		};
		883684591CF55645006F8BE9 /* UIDynamic Practice */ = {
			isa = PBXGroup;
			children = (
				8836845D1CF55645006F8BE9 /* AppDelegate.h */,
				8836845E1CF55645006F8BE9 /* AppDelegate.m */,
				883684601CF55645006F8BE9 /* ViewController.h */,
				883684611CF55645006F8BE9 /* ViewController.m */,
				883684631CF55645006F8BE9 /* Main.storyboard */,
				883684661CF55645006F8BE9 /* Assets.xcassets */,
				883684681CF55645006F8BE9 /* LaunchScreen.storyboard */,
				8836846B1CF55645006F8BE9 /* Info.plist */,
				8836845A1CF55645006F8BE9 /* Supporting Files */,
			);
			path = "UIDynamic Practice";
			sourceTree = "<group>";
		};
		8836845A1CF55645006F8BE9 /* Supporting Files */ = {
			isa = PBXGroup;
			children = (
				8836845B1CF55645006F8BE9 /* main.m */,
			);
			name = "Supporting Files";
			sourceTree = "<group>";
		};
		883684731CF55645006F8BE9 /* UIDynamic PracticeTests */ = {
			isa = PBXGroup;
			children = (
				883684741CF55645006F8BE9 /* UIDynamic_PracticeTests.m */,
				883684761CF55645006F8BE9 /* Info.plist */,
			);
			path = "UIDynamic PracticeTests";
			sourceTree = "<group>";
		};
		8836847E1CF55645006F8BE9 /* UIDynamic PracticeUITests */ = {
			isa = PBXGroup;
			children = (
				8836847F1CF55645006F8BE9 /* UIDynamic_PracticeUITests.m */,
				883684811CF55645006F8BE9 /* Info.plist */,
			);
			path = "UIDynamic PracticeUITests";
			sourceTree = "<group>";
		};
/* End PBXGroup section */

/* Begin PBXNativeTarget section */
		883684561CF55645006F8BE9 /* UIDynamic Practice */ = {
			isa = PBXNativeTarget;
			buildConfigurationList = 883684841CF55645006F8BE9 /* Build configuration list for PBXNativeTarget "UIDynamic Practice" */;
			buildPhases = (
				883684531CF55645006F8BE9 /* Sources */,
				883684541CF55645006F8BE9 /* Frameworks */,
				883684551CF55645006F8BE9 /* Resources */,
			);
			buildRules = (
			);
			dependencies = (
			);
			name = "UIDynamic Practice";
			productName = "UIDynamic Practice";
			productReference = 883684571CF55645006F8BE9 /* UIDynamic Practice.app */;
			productType = "com.apple.product-type.application";
		};
		8836846F1CF55645006F8BE9 /* UIDynamic PracticeTests */ = {
			isa = PBXNativeTarget;
			buildConfigurationList = 883684871CF55645006F8BE9 /* Build configuration list for PBXNativeTarget "UIDynamic PracticeTests" */;
			buildPhases = (
				8836846C1CF55645006F8BE9 /* Sources */,
				8836846D1CF55645006F8BE9 /* Frameworks */,
				8836846E1CF55645006F8BE9 /* Resources */,
			);
			buildRules = (
			);
			dependencies = (
				883684721CF55645006F8BE9 /* PBXTargetDependency */,
			);
			name = "UIDynamic PracticeTests";
			productName = "UIDynamic PracticeTests";
			productReference = 883684701CF55645006F8BE9 /* UIDynamic PracticeTests.xctest */;
			productType = "com.apple.product-type.bundle.unit-test";
		};
		8836847A1CF55645006F8BE9 /* UIDynamic PracticeUITests */ = {
			isa = PBXNativeTarget;
			buildConfigurationList = 8836848A1CF55645006F8BE9 /* Build configuration list for PBXNativeTarget "UIDynamic PracticeUITests" */;
			buildPhases = (
				883684771CF55645006F8BE9 /* Sources */,
				883684781CF55645006F8BE9 /* Frameworks */,
				883684791CF55645006F8BE9 /* Resources */,
			);
			buildRules = (
			);
			dependencies = (
				8836847D1CF55645006F8BE9 /* PBXTargetDependency */,
			);
			name = "UIDynamic PracticeUITests";
			productName = "UIDynamic PracticeUITests";
			productReference = 8836847B1CF55645006F8BE9 /* UIDynamic PracticeUITests.xctest */;
			productType = "com.apple.product-type.bundle.ui-testing";
		};
/* End PBXNativeTarget section */

/* Begin PBXProject section */
		8836844F1CF55645006F8BE9 /* Project object */ = {
			isa = PBXProject;
			attributes = {
				LastUpgradeCheck = 0730;
				ORGANIZATIONNAME = Afiq;
				TargetAttributes = {
					883684561CF55645006F8BE9 = {
						CreatedOnToolsVersion = 7.3;
					};
					8836846F1CF55645006F8BE9 = {
						CreatedOnToolsVersion = 7.3;
						TestTargetID = 883684561CF55645006F8BE9;
					};
					8836847A1CF55645006F8BE9 = {
						CreatedOnToolsVersion = 7.3;
						TestTargetID = 883684561CF55645006F8BE9;
					};
				};
			};
			buildConfigurationList = 883684521CF55645006F8BE9 /* Build configuration list for PBXProject "UIDynamic Practice" */;
			compatibilityVersion = "Xcode 3.2";
			developmentRegion = English;
			hasScannedForEncodings = 0;
			knownRegions = (
				en,
				Base,
			);
			mainGroup = 8836844E1CF55645006F8BE9;
			productRefGroup = 883684581CF55645006F8BE9 /* Products */;
			projectDirPath = "";
			projectRoot = "";
			targets = (
				883684561CF55645006F8BE9 /* UIDynamic Practice */,
				8836846F1CF55645006F8BE9 /* UIDynamic PracticeTests */,
				8836847A1CF55645006F8BE9 /* UIDynamic PracticeUITests */,
			);
		};
/* End PBXProject section */

/* Begin PBXResourcesBuildPhase section */
		883684551CF55645006F8BE9 /* Resources */ = {
			isa = PBXResourcesBuildPhase;
			buildActionMask = 2147483647;
			files = (
				8836846A1CF55645006F8BE9 /* LaunchScreen.storyboard in Resources */,
				883684671CF55645006F8BE9 /* Assets.xcassets in Resources */,
				883684651CF55645006F8BE9 /* Main.storyboard in Resources */,
			);
			runOnlyForDeploymentPostprocessing = 0;
		};
		8836846E1CF55645006F8BE9 /* Resources */ = {
			isa = PBXResourcesBuildPhase;
			buildActionMask = 2147483647;
			files = (
			);
			runOnlyForDeploymentPostprocessing = 0;
		};
		883684791CF55645006F8BE9 /* Resources */ = {
			isa = PBXResourcesBuildPhase;
			buildActionMask = 2147483647;
			files = (
			);
			runOnlyForDeploymentPostprocessing = 0;
		};
/* End PBXResourcesBuildPhase section */

/* Begin PBXSourcesBuildPhase section */
		883684531CF55645006F8BE9 /* Sources */ = {
			isa = PBXSourcesBuildPhase;
			buildActionMask = 2147483647;
			files = (
				883684621CF55645006F8BE9 /* ViewController.m in Sources */,
				8836845F1CF55645006F8BE9 /* AppDelegate.m in Sources */,
				8836845C1CF55645006F8BE9 /* main.m in Sources */,
			);
			runOnlyForDeploymentPostprocessing = 0;
		};
		8836846C1CF55645006F8BE9 /* Sources */ = {
			isa = PBXSourcesBuildPhase;
			buildActionMask = 2147483647;
			files = (
				883684751CF55645006F8BE9 /* UIDynamic_PracticeTests.m in Sources */,
			);
			runOnlyForDeploymentPostprocessing = 0;
		};
		883684771CF55645006F8BE9 /* Sources */ = {
			isa = PBXSourcesBuildPhase;
			buildActionMask = 2147483647;
			files = (
				883684801CF55645006F8BE9 /* UIDynamic_PracticeUITests.m in Sources */,
			);
			runOnlyForDeploymentPostprocessing = 0;
		};
/* End PBXSourcesBuildPhase section */

/* Begin PBXTargetDependency section */
		883684721CF55645006F8BE9 /* PBXTargetDependency */ = {
			isa = PBXTargetDependency;
			target = 883684561CF55645006F8BE9 /* UIDynamic Practice */;
			targetProxy = 883684711CF55645006F8BE9 /* PBXContainerItemProxy */;
		};
		8836847D1CF55645006F8BE9 /* PBXTargetDependency */ = {
			isa = PBXTargetDependency;
			target = 883684561CF55645006F8BE9 /* UIDynamic Practice */;
			targetProxy = 8836847C1CF55645006F8BE9 /* PBXContainerItemProxy */;
		};
/* End PBXTargetDependency section */

/* Begin PBXVariantGroup section */
		883684631CF55645006F8BE9 /* Main.storyboard */ = {
			isa = PBXVariantGroup;
			children = (
				883684641CF55645006F8BE9 /* Base */,
			);
			name = Main.storyboard;
			sourceTree = "<group>";
		};
		883684681CF55645006F8BE9 /* LaunchScreen.storyboard */ = {
			isa = PBXVariantGroup;
			children = (
				883684691CF55645006F8BE9 /* Base */,
			);
			name = LaunchScreen.storyboard;
			sourceTree = "<group>";
		};
/* End PBXVariantGroup section */

/* Begin XCBuildConfiguration section */
		883684821CF55645006F8BE9 /* Debug */ = {
			isa = XCBuildConfiguration;
			buildSettings = {
				ALWAYS_SEARCH_USER_PATHS = NO;
				CLANG_ANALYZER_NONNULL = YES;
				CLANG_CXX_LANGUAGE_STANDARD = "gnu++0x";
				CLANG_CXX_LIBRARY = "libc++";
				CLANG_ENABLE_MODULES = YES;
				CLANG_ENABLE_OBJC_ARC = YES;
				CLANG_WARN_BOOL_CONVERSION = YES;
				CLANG_WARN_CONSTANT_CONVERSION = YES;
				CLANG_WARN_DIRECT_OBJC_ISA_USAGE = YES_ERROR;
				CLANG_WARN_EMPTY_BODY = YES;
				CLANG_WARN_ENUM_CONVERSION = YES;
				CLANG_WARN_INT_CONVERSION = YES;
				CLANG_WARN_OBJC_ROOT_CLASS = YES_ERROR;
				CLANG_WARN_UNREACHABLE_CODE = YES;
				CLANG_WARN__DUPLICATE_METHOD_MATCH = YES;
				"CODE_SIGN_IDENTITY[sdk=iphoneos*]" = "iPhone Developer";
				COPY_PHASE_STRIP = NO;
				DEBUG_INFORMATION_FORMAT = dwarf;
				ENABLE_STRICT_OBJC_MSGSEND = YES;
				ENABLE_TESTABILITY = YES;
				GCC_C_LANGUAGE_STANDARD = gnu99;
				GCC_DYNAMIC_NO_PIC = NO;
				GCC_NO_COMMON_BLOCKS = YES;
				GCC_OPTIMIZATION_LEVEL = 0;
				GCC_PREPROCESSOR_DEFINITIONS = (
					"DEBUG=1",
					"$(inherited)",
				);
				GCC_WARN_64_TO_32_BIT_CONVERSION = YES;
				GCC_WARN_ABOUT_RETURN_TYPE = YES_ERROR;
				GCC_WARN_UNDECLARED_SELECTOR = YES;
				GCC_WARN_UNINITIALIZED_AUTOS = YES_AGGRESSIVE;
				GCC_WARN_UNUSED_FUNCTION = YES;
				GCC_WARN_UNUSED_VARIABLE = YES;
				IPHONEOS_DEPLOYMENT_TARGET = 9.3;
				MTL_ENABLE_DEBUG_INFO = YES;
				ONLY_ACTIVE_ARCH = YES;
				SDKROOT = iphoneos;
				TARGETED_DEVICE_FAMILY = "1,2";
			};
			name = Debug;
		};
		883684831CF55645006F8BE9 /* Release */ = {
			isa = XCBuildConfiguration;
			buildSettings = {
				ALWAYS_SEARCH_USER_PATHS = NO;
				CLANG_ANALYZER_NONNULL = YES;
				CLANG_CXX_LANGUAGE_STANDARD = "gnu++0x";
				CLANG_CXX_LIBRARY = "libc++";
				CLANG_ENABLE_MODULES = YES;
				CLANG_ENABLE_OBJC_ARC = YES;
				CLANG_WARN_BOOL_CONVERSION = YES;
				CLANG_WARN_CONSTANT_CONVERSION = YES;
				CLANG_WARN_DIRECT_OBJC_ISA_USAGE = YES_ERROR;
				CLANG_WARN_EMPTY_BODY = YES;
				CLANG_WARN_ENUM_CONVERSION = YES;
				CLANG_WARN_INT_CONVERSION = YES;
				CLANG_WARN_OBJC_ROOT_CLASS = YES_ERROR;
				CLANG_WARN_UNREACHABLE_CODE = YES;
				CLANG_WARN__DUPLICATE_METHOD_MATCH = YES;
				"CODE_SIGN_IDENTITY[sdk=iphoneos*]" = "iPhone Developer";
				COPY_PHASE_STRIP = NO;
				DEBUG_INFORMATION_FORMAT = "dwarf-with-dsym";
				ENABLE_NS_ASSERTIONS = NO;
				ENABLE_STRICT_OBJC_MSGSEND = YES;
				GCC_C_LANGUAGE_STANDARD = gnu99;
				GCC_NO_COMMON_BLOCKS = YES;
				GCC_WARN_64_TO_32_BIT_CONVERSION = YES;
				GCC_WARN_ABOUT_RETURN_TYPE = YES_ERROR;
				GCC_WARN_UNDECLARED_SELECTOR = YES;
				GCC_WARN_UNINITIALIZED_AUTOS = YES_AGGRESSIVE;
				GCC_WARN_UNUSED_FUNCTION = YES;
				GCC_WARN_UNUSED_VARIABLE = YES;
				IPHONEOS_DEPLOYMENT_TARGET = 9.3;
				MTL_ENABLE_DEBUG_INFO = NO;
				SDKROOT = iphoneos;
				TARGETED_DEVICE_FAMILY = "1,2";
				VALIDATE_PRODUCT = YES;
			};
			name = Release;
		};
		883684851CF55645006F8BE9 /* Debug */ = {
			isa = XCBuildConfiguration;
			buildSettings = {
				ASSETCATALOG_COMPILER_APPICON_NAME = AppIcon;
				INFOPLIST_FILE = "UIDynamic Practice/Info.plist";
				LD_RUNPATH_SEARCH_PATHS = "$(inherited) @executable_path/Frameworks";
				PRODUCT_BUNDLE_IDENTIFIER = "com.afiq.UIDynamic-Practice";
				PRODUCT_NAME = "$(TARGET_NAME)";
			};
			name = Debug;
		};
		883684861CF55645006F8BE9 /* Release */ = {
			isa = XCBuildConfiguration;
			buildSettings = {
				ASSETCATALOG_COMPILER_APPICON_NAME = AppIcon;
				INFOPLIST_FILE = "UIDynamic Practice/Info.plist";
				LD_RUNPATH_SEARCH_PATHS = "$(inherited) @executable_path/Frameworks";
				PRODUCT_BUNDLE_IDENTIFIER = "com.afiq.UIDynamic-Practice";
				PRODUCT_NAME = "$(TARGET_NAME)";
			};
			name = Release;
		};
		883684881CF55645006F8BE9 /* Debug */ = {
			isa = XCBuildConfiguration;
			buildSettings = {
				BUNDLE_LOADER = "$(TEST_HOST)";
				INFOPLIST_FILE = "UIDynamic PracticeTests/Info.plist";
				LD_RUNPATH_SEARCH_PATHS = "$(inherited) @executable_path/Frameworks @loader_path/Frameworks";
				PRODUCT_BUNDLE_IDENTIFIER = "com.afiq.UIDynamic-PracticeTests";
				PRODUCT_NAME = "$(TARGET_NAME)";
				TEST_HOST = "$(BUILT_PRODUCTS_DIR)/UIDynamic Practice.app/UIDynamic Practice";
			};
			name = Debug;
		};
		883684891CF55645006F8BE9 /* Release */ = {
			isa = XCBuildConfiguration;
			buildSettings = {
				BUNDLE_LOADER = "$(TEST_HOST)";
				INFOPLIST_FILE = "UIDynamic PracticeTests/Info.plist";
				LD_RUNPATH_SEARCH_PATHS = "$(inherited) @executable_path/Frameworks @loader_path/Frameworks";
				PRODUCT_BUNDLE_IDENTIFIER = "com.afiq.UIDynamic-PracticeTests";
				PRODUCT_NAME = "$(TARGET_NAME)";
				TEST_HOST = "$(BUILT_PRODUCTS_DIR)/UIDynamic Practice.app/UIDynamic Practice";
			};
			name = Release;
		};
		8836848B1CF55645006F8BE9 /* Debug */ = {
			isa = XCBuildConfiguration;
			buildSettings = {
				INFOPLIST_FILE = "UIDynamic PracticeUITests/Info.plist";
				LD_RUNPATH_SEARCH_PATHS = "$(inherited) @executable_path/Frameworks @loader_path/Frameworks";
				PRODUCT_BUNDLE_IDENTIFIER = "com.afiq.UIDynamic-PracticeUITests";
				PRODUCT_NAME = "$(TARGET_NAME)";
				TEST_TARGET_NAME = "UIDynamic Practice";
			};
			name = Debug;
		};
		8836848C1CF55645006F8BE9 /* Release */ = {
			isa = XCBuildConfiguration;
			buildSettings = {
				INFOPLIST_FILE = "UIDynamic PracticeUITests/Info.plist";
				LD_RUNPATH_SEARCH_PATHS = "$(inherited) @executable_path/Frameworks @loader_path/Frameworks";
				PRODUCT_BUNDLE_IDENTIFIER = "com.afiq.UIDynamic-PracticeUITests";
				PRODUCT_NAME = "$(TARGET_NAME)";
				TEST_TARGET_NAME = "UIDynamic Practice";
			};
			name = Release;
		};
/* End XCBuildConfiguration section */

/* Begin XCConfigurationList section */
		883684521CF55645006F8BE9 /* Build configuration list for PBXProject "UIDynamic Practice" */ = {
			isa = XCConfigurationList;
			buildConfigurations = (
				883684821CF55645006F8BE9 /* Debug */,
				883684831CF55645006F8BE9 /* Release */,
			);
			defaultConfigurationIsVisible = 0;
			defaultConfigurationName = Release;
		};
		883684841CF55645006F8BE9 /* Build configuration list for PBXNativeTarget "UIDynamic Practice" */ = {
			isa = XCConfigurationList;
			buildConfigurations = (
				883684851CF55645006F8BE9 /* Debug */,
				883684861CF55645006F8BE9 /* Release */,
			);
			defaultConfigurationIsVisible = 0;
		};
		883684871CF55645006F8BE9 /* Build configuration list for PBXNativeTarget "UIDynamic PracticeTests" */ = {
			isa = XCConfigurationList;
			buildConfigurations = (
				883684881CF55645006F8BE9 /* Debug */,
				883684891CF55645006F8BE9 /* Release */,
			);
			defaultConfigurationIsVisible = 0;
		};
		8836848A1CF55645006F8BE9 /* Build configuration list for PBXNativeTarget "UIDynamic PracticeUITests" */ = {
			isa = XCConfigurationList;
			buildConfigurations = (
				8836848B1CF55645006F8BE9 /* Debug */,
				8836848C1CF55645006F8BE9 /* Release */,
			);
			defaultConfigurationIsVisible = 0;
		};
/* End XCConfigurationList section */
	};
	rootObject = 8836844F1CF55645006F8BE9 /* Project object */;
}
